// !$*UTF8*$!
{
	archiveVersion = 1;
	classes = {
	};
	objectVersion = 77;
	objects = {

/* Begin PBXBuildFile section */
		00DDEF3B04EB4DDDB90F82B3 /* ReminderSetupView.swift in Sources */ = {isa = PBXBuildFile; fileRef = 09C58B9E3BA34A49BBB9CACB /* ReminderSetupView.swift */; };
		02BBC633C09E4D098375F84B /* PlantCareService.swift in Sources */ = {isa = PBXBuildFile; fileRef = A2016217E32B4DAB91E7BAF1 /* PlantCareService.swift */; };
		037951244C374CE48BC8143F /* PlantCareData.swift in Sources */ = {isa = PBXBuildFile; fileRef = 50B0350F3C6E4C69A04F7002 /* PlantCareData.swift */; };
		04011E98736E43CAA3586E3D /* EnhancedImagePicker.swift in Sources */ = {isa = PBXBuildFile; fileRef = BB4B86D64D694FACA266BF49 /* EnhancedImagePicker.swift */; };
		07477D7CA9D0B897AC0FFA39 /* WidgetPlantData.swift in Sources */ = {isa = PBXBuildFile; fileRef = 1AAA3D8FA12C647E304872B5 /* WidgetPlantData.swift */; };
		0C3C87DBF94DA67C2B111F9A /* TodayCareWidget.appex in Embed App Extensions */ = {isa = PBXBuildFile; fileRef = 0676E42BDF92E2B848437910 /* TodayCareWidget.appex */; settings = {ATTRIBUTES = (CodeSignOnCopy, RemoveHeadersOnCopy, ); }; };
		0D1C9B0565E14F32828D33F3 /* PlantInfoEditView.swift in Sources */ = {isa = PBXBuildFile; fileRef = EC2F59B4AE5944C494C722C0 /* PlantInfoEditView.swift */; };
		0FF9A33D53E94C038E90134D /* PhotoGalleryView.swift in Sources */ = {isa = PBXBuildFile; fileRef = 0C520EDD26D24E448D3DF7F2 /* PhotoGalleryView.swift */; };
		11F3C42AEC824A9994A9A050 /* CareActionPickerView.swift in Sources */ = {isa = PBXBuildFile; fileRef = 7C772B3256EF4119B235059A /* CareActionPickerView.swift */; };
		183B0EAE294A641EA1D3AE3D /* WidgetKit.framework in Frameworks */ = {isa = PBXBuildFile; fileRef = 494C05132884A596C090D5A1 /* WidgetKit.framework */; };
		18F53B5811DA4B82A1CF6B32 /* CareRecordEntity.swift in Sources */ = {isa = PBXBuildFile; fileRef = 0AD8C81F7E0542739D728F4D /* CareRecordEntity.swift */; };
		1ACC0A919F174D59A9FFCC98 /* Color+Extensions.swift in Sources */ = {isa = PBXBuildFile; fileRef = B2AAB41829EE4914B1DE1A3B /* Color+Extensions.swift */; };
		1FF294533454440C8CF574C5 /* TimewallView.swift in Sources */ = {isa = PBXBuildFile; fileRef = 93184AF03AFA486EAD2833AA /* TimewallView.swift */; };
		272375A335F94D06906B6D33 /* TimePickerView.swift in Sources */ = {isa = PBXBuildFile; fileRef = 7EBB4680530744C49050DCD0 /* TimePickerView.swift */; };
		3102688B68C549E192331767 /* PlantIdentificationService.swift in Sources */ = {isa = PBXBuildFile; fileRef = E8A70FA0C1EF4772856442B2 /* PlantIdentificationService.swift */; };
		36C5BB0E7B5C4E0BB1BBBD65 /* LocationManager.swift in Sources */ = {isa = PBXBuildFile; fileRef = B3764CDEF3AF455BB9CD66B0 /* LocationManager.swift */; };
		376D6831DFB2BEDEE27F67FC /* Assets.xcassets in Resources */ = {isa = PBXBuildFile; fileRef = DB46D06BA3764CAEA9D3C989 /* Assets.xcassets */; };
		3C822EB1DCE24DCEB0C076DC /* IdentificationResultView.swift in Sources */ = {isa = PBXBuildFile; fileRef = FF2D06310F3B43FBAD9E7D01 /* IdentificationResultView.swift */; };
		3D5E9E34779E4F5BA28153D6 /* RoomManager.swift in Sources */ = {isa = PBXBuildFile; fileRef = AD0716A5CB21409BB38E40F9 /* RoomManager.swift */; };
		3DC45BC4E46A27B61C6AED82 /* SwiftUI.framework in Frameworks */ = {isa = PBXBuildFile; fileRef = 647D9B500F7FA66FD4427BE3 /* SwiftUI.framework */; };
		41A6CBB9B9BA4513991A64ED /* CameraPreviewView.swift in Sources */ = {isa = PBXBuildFile; fileRef = D31B3A57587B490D8C43B113 /* CameraPreviewView.swift */; };
		4AF915D5F9594EDEA1D56AA2 /* Assets.xcassets in Resources */ = {isa = PBXBuildFile; fileRef = DB46D06BA3764CAEA9D3C989 /* Assets.xcassets */; };
		4B362E515FC04862ABD455E3 /* ReminderManager.swift in Sources */ = {isa = PBXBuildFile; fileRef = D404D06FF4A6455DA1FEC30A /* ReminderManager.swift */; };
		541A00B34DF54F5EAC4E22BD /* CareActionType.swift in Sources */ = {isa = PBXBuildFile; fileRef = EE9339A6AFA446C6B02F2272 /* CareActionType.swift */; };
		5A5CAF0119CA4AF1B2E310B9 /* PlantDetailViewModel.swift in Sources */ = {isa = PBXBuildFile; fileRef = 3D49DDC7562D4CAD9A791D21 /* PlantDetailViewModel.swift */; };
		5DCA2BA93E13477FA35E1F5D /* UserProfileManager.swift in Sources */ = {isa = PBXBuildFile; fileRef = 8DD038F8CB94495B8E2A1ED3 /* UserProfileManager.swift */; };
		6DE7DDAA5C67B8162F85EB94 /* Foundation.framework in Frameworks */ = {isa = PBXBuildFile; fileRef = 66D6D2B82CC2CE23290B004B /* Foundation.framework */; };
		6F9260BF1E63420987257899 /* StringConstants.swift in Sources */ = {isa = PBXBuildFile; fileRef = 14BE20CB795843DEA4EF71CE /* StringConstants.swift */; };
		71543AA522694AC5B677D267 /* WateringFrequencyPicker.swift in Sources */ = {isa = PBXBuildFile; fileRef = E86B136B8FE44C8D9F2DBB64 /* WateringFrequencyPicker.swift */; };
		770305D80D7C4CC0B3012438 /* PhotoConfirmationView.swift in Sources */ = {isa = PBXBuildFile; fileRef = 22E695F5562D4F80B6316ED1 /* PhotoConfirmationView.swift */; };
		77D27C7FCADC4024B328E79F /* AddPlantViewModel.swift in Sources */ = {isa = PBXBuildFile; fileRef = DF0E89352F2649D78616F3B8 /* AddPlantViewModel.swift */; };
		807D2F2B3A5C43ED83ED8A7A /* RoomManagementView.swift in Sources */ = {isa = PBXBuildFile; fileRef = A53614DDA4FF45EAA23F3E63 /* RoomManagementView.swift */; };
		85AF185663734CFF91197BD8 /* AppLogger.swift in Sources */ = {isa = PBXBuildFile; fileRef = 21AB4019EF1349FC8E9FDEB2 /* AppLogger.swift */; };
		89BB8CA3E71A4F2D9E1EB426 /* OnboardingView.swift in Sources */ = {isa = PBXBuildFile; fileRef = 3CB1C06DA1694EE7BC91E491 /* OnboardingView.swift */; };
		8B200724A3ED4415A69DD8DF /* Plant.swift in Sources */ = {isa = PBXBuildFile; fileRef = D0F6962221BC4B0AA8E9C063 /* Plant.swift */; };
		8C496B6BCA044A2897CC8D6C /* PlantListView.swift in Sources */ = {isa = PBXBuildFile; fileRef = 39B9754B46DD44B3BB671BF5 /* PlantListView.swift */; };
		8EE0D065D7B34277AB94F114 /* CameraViewModel.swift in Sources */ = {isa = PBXBuildFile; fileRef = 3168A7F03ADC4F57AF74C78D /* CameraViewModel.swift */; };
		8EFF3C267A4A40C6AAB39B44 /* ProfileEditView.swift in Sources */ = {isa = PBXBuildFile; fileRef = D6CCF8923BE0402393121354 /* ProfileEditView.swift */; };
		91C9FD25E05147C3BA04DE9A /* CalendarManager.swift in Sources */ = {isa = PBXBuildFile; fileRef = E2B328760D3940CDB3840A92 /* CalendarManager.swift */; };
		96AF773BFFB6408C8DC326DF /* AddPlantView.swift in Sources */ = {isa = PBXBuildFile; fileRef = F664237610F24ECFAC40E987 /* AddPlantView.swift */; };
		96ECA9F5D6B34F419B22C05B /* PlantCareApp.swift in Sources */ = {isa = PBXBuildFile; fileRef = 6DA86809AE164E0DBF7E4CF6 /* PlantCareApp.swift */; };
		999CE72BB2464824B21CDB83 /* RoomFilterButton.swift in Sources */ = {isa = PBXBuildFile; fileRef = D25ECBED54CF44C3AF8F7AB2 /* RoomFilterButton.swift */; };
		9A5B0CAEA576447D8D7BFACA /* ContentView.swift in Sources */ = {isa = PBXBuildFile; fileRef = 710751B90DEC4BADA1266C9D /* ContentView.swift */; };
		9AF4C9B3F5514CE7B90095DE /* TimelineNodeView.swift in Sources */ = {isa = PBXBuildFile; fileRef = 81E7B63FB9864B6794A5A2A7 /* TimelineNodeView.swift */; };
		9FAAF319454C4D4C92ADDB1A /* ImageProcessor.swift in Sources */ = {isa = PBXBuildFile; fileRef = 96D53C8C3BC249B58E70661D /* ImageProcessor.swift */; };
		AAE63977C4044449BE11DCA8 /* PlantCard.swift in Sources */ = {isa = PBXBuildFile; fileRef = 9C09E963C4404590A21BCD60 /* PlantCard.swift */; };
		AB33A17B47EA408E8002BAF3 /* WeatherManager.swift in Sources */ = {isa = PBXBuildFile; fileRef = 9BE040428B5845FAAB952D15 /* WeatherManager.swift */; };
		B0EFAB35AECD1EE7D451E23E /* PrivacyInfo.xcprivacy in Resources */ = {isa = PBXBuildFile; fileRef = B2468CCD893F1CDA05D4B396 /* PrivacyInfo.xcprivacy */; };
		B2DFFD2D37AA442E80BF6835 /* NotificationManager.swift in Sources */ = {isa = PBXBuildFile; fileRef = C11F80A076AC4D60A0FFB90E /* NotificationManager.swift */; };
		C0DFFAC0E0F449CE87AE863E /* PlantDetailView.swift in Sources */ = {isa = PBXBuildFile; fileRef = 270F057B276A421598BAE56D /* PlantDetailView.swift */; };
		C389D1955E4157EEF59525CB /* WidgetPlantData.swift in Sources */ = {isa = PBXBuildFile; fileRef = 1AAA3D8FA12C647E304872B5 /* WidgetPlantData.swift */; };
		C3F70C3637974597BB0CEE9D /* SettingsView.swift in Sources */ = {isa = PBXBuildFile; fileRef = CE2B266166834ACBAB527FF6 /* SettingsView.swift */; };
		C6B87C0AF2BC49B6AA2ED9BD /* PlantIdentificationResult.swift in Sources */ = {isa = PBXBuildFile; fileRef = 29526007A0AC4412A4857536 /* PlantIdentificationResult.swift */; };
		CC9761572D014064BD53521F /* ImagePicker.swift in Sources */ = {isa = PBXBuildFile; fileRef = 83D3262C7BE3423997A54607 /* ImagePicker.swift */; };
		CE7919FEE6BE4713896F3571 /* SplashScreen.swift in Sources */ = {isa = PBXBuildFile; fileRef = 23AFC275C057403E859AE1DA /* SplashScreen.swift */; };
		D224F31297F6474DAC725B35 /* ErrorHandler.swift in Sources */ = {isa = PBXBuildFile; fileRef = 7D1C2A6D78D749288FB57B69 /* ErrorHandler.swift */; };
		D28E06651C3C40E8A3BBF473 /* Date+Extensions.swift in Sources */ = {isa = PBXBuildFile; fileRef = 1E5F64FA23554175B04F5339 /* Date+Extensions.swift */; };
		D7B2BAEAF7B342B0967D4E7E /* MainTabView.swift in Sources */ = {isa = PBXBuildFile; fileRef = 3EB89D12E5114F4DB7559FAC /* MainTabView.swift */; };
		DC3B4BD2EE5D4180A4926D06 /* CameraView.swift in Sources */ = {isa = PBXBuildFile; fileRef = 382BCF4134EF42CBB2E255BE /* CameraView.swift */; };
		EA2EEA3EEF9B465A8BB31626 /* CoreDataManager.swift in Sources */ = {isa = PBXBuildFile; fileRef = 9DC5ED467257414C9A001FA7 /* CoreDataManager.swift */; };
		EC15408B278C4F8980A72EC8 /* DateCalculator.swift in Sources */ = {isa = PBXBuildFile; fileRef = 9F449C0B9BCA43BFB8118B89 /* DateCalculator.swift */; };
		EC5954A3824043F48273A805 /* AppDelegate.swift in Sources */ = {isa = PBXBuildFile; fileRef = 9354E89FBBEC4527AB25A802 /* AppDelegate.swift */; };
		ECA928D6C32F45489E40D436 /* DescriptionDetailView.swift in Sources */ = {isa = PBXBuildFile; fileRef = B87B946CEDD14E3299D5304B /* DescriptionDetailView.swift */; };
		ED080F9CCB1C40439D3C0121 /* MultiCareReminderSetupView.swift in Sources */ = {isa = PBXBuildFile; fileRef = 87C9DE391CC745BFAD661239 /* MultiCareReminderSetupView.swift */; };
		F367E8E37CC84DEE984D6097 /* View+Extensions.swift in Sources */ = {isa = PBXBuildFile; fileRef = 6401BF21E7E84F90B569A092 /* View+Extensions.swift */; };
		F3E48C7EF85F429DA55BAE9B /* CountdownTimer.swift in Sources */ = {isa = PBXBuildFile; fileRef = 58C5D908FD7649609525A006 /* CountdownTimer.swift */; };
		F46D0245D5F4BD6DE9303C15 /* TodayCareWidget.swift in Sources */ = {isa = PBXBuildFile; fileRef = D64A2AFA95E4AB7E5A533EF0 /* TodayCareWidget.swift */; };
		F90786B5281146308C648F46 /* TimewallViewModel.swift in Sources */ = {isa = PBXBuildFile; fileRef = 9D67C3D1A4CA4A4FA83A640E /* TimewallViewModel.swift */; };
		F9DDD0D867634E0CB8DB98A0 /* PlantListViewModel.swift in Sources */ = {isa = PBXBuildFile; fileRef = 84EE4B7EEDB545CD88567DA2 /* PlantListViewModel.swift */; };
		FB2DBD17B01D94699546524A /* Color+Extensions.swift in Sources */ = {isa = PBXBuildFile; fileRef = B2AAB41829EE4914B1DE1A3B /* Color+Extensions.swift */; };
		FDAA6A4D7C6749B8939CC5DB /* DefaultReminderTimeView.swift in Sources */ = {isa = PBXBuildFile; fileRef = 77EB916906C2467187D72DBD /* DefaultReminderTimeView.swift */; };
		FE2CC78296F14A2498949AF0 /* Constants.swift in Sources */ = {isa = PBXBuildFile; fileRef = 48BD2A2C9E43479BBF00A146 /* Constants.swift */; };
/* End PBXBuildFile section */

/* Begin PBXContainerItemProxy section */
		C076EE0ECB826B2C20DB8D01 /* PBXContainerItemProxy */ = {
			isa = PBXContainerItemProxy;
			containerPortal = E3BA87B82F41FE87006A9652 /* Project object */;
			proxyType = 1;
			remoteGlobalIDString = F18B8955D9CBDF00C236D7BD;
			remoteInfo = TodayCareWidget;
		};
/* End PBXContainerItemProxy section */

/* Begin PBXCopyFilesBuildPhase section */
		2BE5541C600FD89FA8B8C135 /* Embed App Extensions */ = {
			isa = PBXCopyFilesBuildPhase;
			buildActionMask = 2147483647;
			dstPath = "";
			dstSubfolderSpec = 13;
			files = (
				0C3C87DBF94DA67C2B111F9A /* TodayCareWidget.appex in Embed App Extensions */,
			);
			name = "Embed App Extensions";
			runOnlyForDeploymentPostprocessing = 0;
		};
/* End PBXCopyFilesBuildPhase section */

/* Begin PBXFileReference section */
		0676E42BDF92E2B848437910 /* TodayCareWidget.appex */ = {isa = PBXFileReference; explicitFileType = "wrapper.app-extension"; includeInIndex = 0; path = TodayCareWidget.appex; sourceTree = BUILT_PRODUCTS_DIR; };
		09C58B9E3BA34A49BBB9CACB /* ReminderSetupView.swift */ = {isa = PBXFileReference; lastKnownFileType = sourcecode.swift; path = Views/ReminderSetupView.swift; sourceTree = "<group>"; };
		0AD8C81F7E0542739D728F4D /* CareRecordEntity.swift */ = {isa = PBXFileReference; lastKnownFileType = sourcecode.swift; path = Models/CareRecordEntity.swift; sourceTree = "<group>"; };
		0C520EDD26D24E448D3DF7F2 /* PhotoGalleryView.swift */ = {isa = PBXFileReference; lastKnownFileType = sourcecode.swift; path = Components/PhotoGalleryView.swift; sourceTree = "<group>"; };
		14BE20CB795843DEA4EF71CE /* StringConstants.swift */ = {isa = PBXFileReference; lastKnownFileType = sourcecode.swift; path = Utilities/StringConstants.swift; sourceTree = "<group>"; };
		1AAA3D8FA12C647E304872B5 /* WidgetPlantData.swift */ = {isa = PBXFileReference; includeInIndex = 1; lastKnownFileType = sourcecode.swift; name = WidgetPlantData.swift; path = Models/WidgetPlantData.swift; sourceTree = "<group>"; };
		1E5F64FA23554175B04F5339 /* Date+Extensions.swift */ = {isa = PBXFileReference; lastKnownFileType = sourcecode.swift; path = "Utilities/Extensions/Date+Extensions.swift"; sourceTree = "<group>"; };
		21AB4019EF1349FC8E9FDEB2 /* AppLogger.swift */ = {isa = PBXFileReference; lastKnownFileType = sourcecode.swift; path = Utilities/Helpers/AppLogger.swift; sourceTree = "<group>"; };
		22E695F5562D4F80B6316ED1 /* PhotoConfirmationView.swift */ = {isa = PBXFileReference; lastKnownFileType = sourcecode.swift; path = Components/PhotoConfirmationView.swift; sourceTree = "<group>"; };
		23AFC275C057403E859AE1DA /* SplashScreen.swift */ = {isa = PBXFileReference; lastKnownFileType = sourcecode.swift; path = Views/SplashScreen.swift; sourceTree = "<group>"; };
		270F057B276A421598BAE56D /* PlantDetailView.swift */ = {isa = PBXFileReference; lastKnownFileType = sourcecode.swift; path = Views/PlantDetailView.swift; sourceTree = "<group>"; };
		29526007A0AC4412A4857536 /* PlantIdentificationResult.swift */ = {isa = PBXFileReference; lastKnownFileType = sourcecode.swift; path = Models/PlantIdentificationResult.swift; sourceTree = "<group>"; };
		3168A7F03ADC4F57AF74C78D /* CameraViewModel.swift */ = {isa = PBXFileReference; lastKnownFileType = sourcecode.swift; path = ViewModels/CameraViewModel.swift; sourceTree = "<group>"; };
		382BCF4134EF42CBB2E255BE /* CameraView.swift */ = {isa = PBXFileReference; lastKnownFileType = sourcecode.swift; path = Views/CameraView/CameraView.swift; sourceTree = "<group>"; };
		39B9754B46DD44B3BB671BF5 /* PlantListView.swift */ = {isa = PBXFileReference; lastKnownFileType = sourcecode.swift; path = Views/PlantListView.swift; sourceTree = "<group>"; };
		3CB1C06DA1694EE7BC91E491 /* OnboardingView.swift */ = {isa = PBXFileReference; lastKnownFileType = sourcecode.swift; path = Views/OnboardingView.swift; sourceTree = "<group>"; };
		3D49DDC7562D4CAD9A791D21 /* PlantDetailViewModel.swift */ = {isa = PBXFileReference; lastKnownFileType = sourcecode.swift; path = ViewModels/PlantDetailViewModel.swift; sourceTree = "<group>"; };
		3EB89D12E5114F4DB7559FAC /* MainTabView.swift */ = {isa = PBXFileReference; lastKnownFileType = sourcecode.swift; path = Views/MainTabView.swift; sourceTree = "<group>"; };
		48BD2A2C9E43479BBF00A146 /* Constants.swift */ = {isa = PBXFileReference; lastKnownFileType = sourcecode.swift; path = Utilities/Constants.swift; sourceTree = "<group>"; };
		494C05132884A596C090D5A1 /* WidgetKit.framework */ = {isa = PBXFileReference; lastKnownFileType = wrapper.framework; name = WidgetKit.framework; path = Platforms/iPhoneOS.platform/Developer/SDKs/iPhoneOS18.0.sdk/System/Library/Frameworks/WidgetKit.framework; sourceTree = DEVELOPER_DIR; };
		50B0350F3C6E4C69A04F7002 /* PlantCareData.swift */ = {isa = PBXFileReference; lastKnownFileType = sourcecode.swift; path = Utilities/Helpers/PlantCareData.swift; sourceTree = "<group>"; };
		58C5D908FD7649609525A006 /* CountdownTimer.swift */ = {isa = PBXFileReference; lastKnownFileType = sourcecode.swift; path = Components/CountdownTimer.swift; sourceTree = "<group>"; };
		6401BF21E7E84F90B569A092 /* View+Extensions.swift */ = {isa = PBXFileReference; lastKnownFileType = sourcecode.swift; path = "Utilities/Extensions/View+Extensions.swift"; sourceTree = "<group>"; };
		647D9B500F7FA66FD4427BE3 /* SwiftUI.framework */ = {isa = PBXFileReference; lastKnownFileType = wrapper.framework; name = SwiftUI.framework; path = Platforms/iPhoneOS.platform/Developer/SDKs/iPhoneOS18.0.sdk/System/Library/Frameworks/SwiftUI.framework; sourceTree = DEVELOPER_DIR; };
		66D6D2B82CC2CE23290B004B /* Foundation.framework */ = {isa = PBXFileReference; lastKnownFileType = wrapper.framework; name = Foundation.framework; path = Platforms/iPhoneOS.platform/Developer/SDKs/iPhoneOS18.0.sdk/System/Library/Frameworks/Foundation.framework; sourceTree = DEVELOPER_DIR; };
		6DA86809AE164E0DBF7E4CF6 /* PlantCareApp.swift */ = {isa = PBXFileReference; lastKnownFileType = sourcecode.swift; path = App/PlantCareApp.swift; sourceTree = "<group>"; };
		710751B90DEC4BADA1266C9D /* ContentView.swift */ = {isa = PBXFileReference; lastKnownFileType = sourcecode.swift; path = ContentView.swift; sourceTree = "<group>"; };
		77EB916906C2467187D72DBD /* DefaultReminderTimeView.swift */ = {isa = PBXFileReference; lastKnownFileType = sourcecode.swift; path = Views/DefaultReminderTimeView.swift; sourceTree = "<group>"; };
		7C772B3256EF4119B235059A /* CareActionPickerView.swift */ = {isa = PBXFileReference; lastKnownFileType = sourcecode.swift; path = Components/CareActionPickerView.swift; sourceTree = "<group>"; };
		7D1C2A6D78D749288FB57B69 /* ErrorHandler.swift */ = {isa = PBXFileReference; lastKnownFileType = sourcecode.swift; path = Utilities/Helpers/ErrorHandler.swift; sourceTree = "<group>"; };
		7EBB4680530744C49050DCD0 /* TimePickerView.swift */ = {isa = PBXFileReference; lastKnownFileType = sourcecode.swift; path = Components/TimePickerView.swift; sourceTree = "<group>"; };
		81E7B63FB9864B6794A5A2A7 /* TimelineNodeView.swift */ = {isa = PBXFileReference; lastKnownFileType = sourcecode.swift; path = Components/TimelineNodeView.swift; sourceTree = "<group>"; };
		83D3262C7BE3423997A54607 /* ImagePicker.swift */ = {isa = PBXFileReference; lastKnownFileType = sourcecode.swift; path = Components/ImagePicker.swift; sourceTree = "<group>"; };
		84EE4B7EEDB545CD88567DA2 /* PlantListViewModel.swift */ = {isa = PBXFileReference; lastKnownFileType = sourcecode.swift; path = ViewModels/PlantListViewModel.swift; sourceTree = "<group>"; };
		87C9DE391CC745BFAD661239 /* MultiCareReminderSetupView.swift */ = {isa = PBXFileReference; lastKnownFileType = sourcecode.swift; path = Views/MultiCareReminderSetupView.swift; sourceTree = "<group>"; };
		8DD038F8CB94495B8E2A1ED3 /* UserProfileManager.swift */ = {isa = PBXFileReference; lastKnownFileType = sourcecode.swift; path = Services/UserProfileManager.swift; sourceTree = "<group>"; };
		93184AF03AFA486EAD2833AA /* TimewallView.swift */ = {isa = PBXFileReference; lastKnownFileType = sourcecode.swift; path = Views/TimewallView.swift; sourceTree = "<group>"; };
		9354E89FBBEC4527AB25A802 /* AppDelegate.swift */ = {isa = PBXFileReference; lastKnownFileType = sourcecode.swift; path = App/AppDelegate.swift; sourceTree = "<group>"; };
		96D53C8C3BC249B58E70661D /* ImageProcessor.swift */ = {isa = PBXFileReference; lastKnownFileType = sourcecode.swift; path = Utilities/Helpers/ImageProcessor.swift; sourceTree = "<group>"; };
		9BE040428B5845FAAB952D15 /* WeatherManager.swift */ = {isa = PBXFileReference; lastKnownFileType = sourcecode.swift; path = Services/WeatherManager.swift; sourceTree = "<group>"; };
		9C09E963C4404590A21BCD60 /* PlantCard.swift */ = {isa = PBXFileReference; lastKnownFileType = sourcecode.swift; path = Components/PlantCard.swift; sourceTree = "<group>"; };
		9D67C3D1A4CA4A4FA83A640E /* TimewallViewModel.swift */ = {isa = PBXFileReference; lastKnownFileType = sourcecode.swift; path = ViewModels/TimewallViewModel.swift; sourceTree = "<group>"; };
		9DC5ED467257414C9A001FA7 /* CoreDataManager.swift */ = {isa = PBXFileReference; lastKnownFileType = sourcecode.swift; path = Services/CoreDataManager.swift; sourceTree = "<group>"; };
		9F449C0B9BCA43BFB8118B89 /* DateCalculator.swift */ = {isa = PBXFileReference; lastKnownFileType = sourcecode.swift; path = Utilities/Helpers/DateCalculator.swift; sourceTree = "<group>"; };
		A2016217E32B4DAB91E7BAF1 /* PlantCareService.swift */ = {isa = PBXFileReference; lastKnownFileType = sourcecode.swift; path = Services/PlantCareService.swift; sourceTree = "<group>"; };
		A53614DDA4FF45EAA23F3E63 /* RoomManagementView.swift */ = {isa = PBXFileReference; lastKnownFileType = sourcecode.swift; path = Views/RoomManagementView.swift; sourceTree = "<group>"; };
		AD0716A5CB21409BB38E40F9 /* RoomManager.swift */ = {isa = PBXFileReference; lastKnownFileType = sourcecode.swift; path = Utilities/Helpers/RoomManager.swift; sourceTree = "<group>"; };
		B2468CCD893F1CDA05D4B396 /* PrivacyInfo.xcprivacy */ = {isa = PBXFileReference; includeInIndex = 1; name = PrivacyInfo.xcprivacy; path = "绿植管家/PrivacyInfo.xcprivacy"; sourceTree = "<group>"; };
		B2AAB41829EE4914B1DE1A3B /* Color+Extensions.swift */ = {isa = PBXFileReference; lastKnownFileType = sourcecode.swift; path = "Utilities/Extensions/Color+Extensions.swift"; sourceTree = "<group>"; };
		B3764CDEF3AF455BB9CD66B0 /* LocationManager.swift */ = {isa = PBXFileReference; lastKnownFileType = sourcecode.swift; path = Services/LocationManager.swift; sourceTree = "<group>"; };
		B87B946CEDD14E3299D5304B /* DescriptionDetailView.swift */ = {isa = PBXFileReference; lastKnownFileType = sourcecode.swift; path = Components/DescriptionDetailView.swift; sourceTree = "<group>"; };
		BB4B86D64D694FACA266BF49 /* EnhancedImagePicker.swift */ = {isa = PBXFileReference; lastKnownFileType = sourcecode.swift; path = Components/EnhancedImagePicker.swift; sourceTree = "<group>"; };
		C11F80A076AC4D60A0FFB90E /* NotificationManager.swift */ = {isa = PBXFileReference; lastKnownFileType = sourcecode.swift; path = Services/NotificationManager.swift; sourceTree = "<group>"; };
		CE2B266166834ACBAB527FF6 /* SettingsView.swift */ = {isa = PBXFileReference; lastKnownFileType = sourcecode.swift; path = Views/SettingsView.swift; sourceTree = "<group>"; };
		D0F6962221BC4B0AA8E9C063 /* Plant.swift */ = {isa = PBXFileReference; lastKnownFileType = sourcecode.swift; path = Models/Plant.swift; sourceTree = "<group>"; };
		D25ECBED54CF44C3AF8F7AB2 /* RoomFilterButton.swift */ = {isa = PBXFileReference; lastKnownFileType = sourcecode.swift; path = Components/RoomFilterButton.swift; sourceTree = "<group>"; };
		D31B3A57587B490D8C43B113 /* CameraPreviewView.swift */ = {isa = PBXFileReference; lastKnownFileType = sourcecode.swift; path = Views/CameraView/CameraPreviewView.swift; sourceTree = "<group>"; };
		D404D06FF4A6455DA1FEC30A /* ReminderManager.swift */ = {isa = PBXFileReference; lastKnownFileType = sourcecode.swift; path = Services/ReminderManager.swift; sourceTree = "<group>"; };
		D64A2AFA95E4AB7E5A533EF0 /* TodayCareWidget.swift */ = {isa = PBXFileReference; includeInIndex = 1; lastKnownFileType = sourcecode.swift; name = TodayCareWidget.swift; path = TodayCareWidget/TodayCareWidget.swift; sourceTree = "<group>"; };
		D6CCF8923BE0402393121354 /* ProfileEditView.swift */ = {isa = PBXFileReference; lastKnownFileType = sourcecode.swift; path = Views/ProfileEditView.swift; sourceTree = "<group>"; };
		DB46D06BA3764CAEA9D3C989 /* Assets.xcassets */ = {isa = PBXFileReference; lastKnownFileType = folder.assetcatalog; path = Assets.xcassets; sourceTree = "<group>"; };
		DF0E89352F2649D78616F3B8 /* AddPlantViewModel.swift */ = {isa = PBXFileReference; lastKnownFileType = sourcecode.swift; path = ViewModels/AddPlantViewModel.swift; sourceTree = "<group>"; };
		E2B328760D3940CDB3840A92 /* CalendarManager.swift */ = {isa = PBXFileReference; lastKnownFileType = sourcecode.swift; path = Services/CalendarManager.swift; sourceTree = "<group>"; };
		E3BA87C02F41FE87006A9652 /* 植觉日记.app */ = {isa = PBXFileReference; explicitFileType = wrapper.application; includeInIndex = 0; path = "植觉日记.app"; sourceTree = BUILT_PRODUCTS_DIR; };
		E86B136B8FE44C8D9F2DBB64 /* WateringFrequencyPicker.swift */ = {isa = PBXFileReference; lastKnownFileType = sourcecode.swift; path = Components/WateringFrequencyPicker.swift; sourceTree = "<group>"; };
		E8A70FA0C1EF4772856442B2 /* PlantIdentificationService.swift */ = {isa = PBXFileReference; lastKnownFileType = sourcecode.swift; path = Services/PlantIdentificationService.swift; sourceTree = "<group>"; };
		EC2F59B4AE5944C494C722C0 /* PlantInfoEditView.swift */ = {isa = PBXFileReference; lastKnownFileType = sourcecode.swift; path = Components/PlantInfoEditView.swift; sourceTree = "<group>"; };
		EE9339A6AFA446C6B02F2272 /* CareActionType.swift */ = {isa = PBXFileReference; lastKnownFileType = sourcecode.swift; path = Utilities/CareActionType.swift; sourceTree = "<group>"; };
		F664237610F24ECFAC40E987 /* AddPlantView.swift */ = {isa = PBXFileReference; lastKnownFileType = sourcecode.swift; path = Views/AddPlantView.swift; sourceTree = "<group>"; };
		FF2D06310F3B43FBAD9E7D01 /* IdentificationResultView.swift */ = {isa = PBXFileReference; lastKnownFileType = sourcecode.swift; path = Views/IdentificationResultView.swift; sourceTree = "<group>"; };
/* End PBXFileReference section */

/* Begin PBXFrameworksBuildPhase section */
		0FB55F015AE733B40CD8AB64 /* Frameworks */ = {
			isa = PBXFrameworksBuildPhase;
			buildActionMask = 2147483647;
			files = (
				6DE7DDAA5C67B8162F85EB94 /* Foundation.framework in Frameworks */,
				183B0EAE294A641EA1D3AE3D /* WidgetKit.framework in Frameworks */,
				3DC45BC4E46A27B61C6AED82 /* SwiftUI.framework in Frameworks */,
			);
			runOnlyForDeploymentPostprocessing = 0;
		};
		E3BA87BD2F41FE87006A9652 /* Frameworks */ = {
			isa = PBXFrameworksBuildPhase;
			buildActionMask = 2147483647;
			files = (
			);
			runOnlyForDeploymentPostprocessing = 0;
		};
/* End PBXFrameworksBuildPhase section */

/* Begin PBXGroup section */
		13EA4CE62A5D47148B25D94F /* iOS */ = {
			isa = PBXGroup;
			children = (
				66D6D2B82CC2CE23290B004B /* Foundation.framework */,
				494C05132884A596C090D5A1 /* WidgetKit.framework */,
				647D9B500F7FA66FD4427BE3 /* SwiftUI.framework */,
			);
			name = iOS;
			sourceTree = "<group>";
		};
		AFE1D67B9FFF373A3E45E1EE /* Frameworks */ = {
			isa = PBXGroup;
			children = (
				13EA4CE62A5D47148B25D94F /* iOS */,
			);
			name = Frameworks;
			sourceTree = "<group>";
		};
		E3BA87B72F41FE87006A9652 = {
			isa = PBXGroup;
			children = (
				E963A35F92C543109F366B9F /* 绿植管家 */,
				E3BA87C12F41FE87006A9652 /* Products */,
				E3E1A68A2FA1A3C30027BA12 /* Recovered References */,
				AFE1D67B9FFF373A3E45E1EE /* Frameworks */,
				B2468CCD893F1CDA05D4B396 /* PrivacyInfo.xcprivacy */,
			);
			sourceTree = "<group>";
		};
		E3BA87C12F41FE87006A9652 /* Products */ = {
			isa = PBXGroup;
			children = (
				E3BA87C02F41FE87006A9652 /* 植觉日记.app */,
				0676E42BDF92E2B848437910 /* TodayCareWidget.appex */,
			);
			name = Products;
			sourceTree = "<group>";
		};
		E3E1A68A2FA1A3C30027BA12 /* Recovered References */ = {
			isa = PBXGroup;
			children = (
			);
			name = "Recovered References";
			sourceTree = "<group>";
		};
		E963A35F92C543109F366B9F /* 绿植管家 */ = {
			isa = PBXGroup;
			children = (
				DB46D06BA3764CAEA9D3C989 /* Assets.xcassets */,
				09C58B9E3BA34A49BBB9CACB /* ReminderSetupView.swift */,
				0AD8C81F7E0542739D728F4D /* CareRecordEntity.swift */,
				0C520EDD26D24E448D3DF7F2 /* PhotoGalleryView.swift */,
				14BE20CB795843DEA4EF71CE /* StringConstants.swift */,
				1E5F64FA23554175B04F5339 /* Date+Extensions.swift */,
				21AB4019EF1349FC8E9FDEB2 /* AppLogger.swift */,
				22E695F5562D4F80B6316ED1 /* PhotoConfirmationView.swift */,
				270F057B276A421598BAE56D /* PlantDetailView.swift */,
				29526007A0AC4412A4857536 /* PlantIdentificationResult.swift */,
				3168A7F03ADC4F57AF74C78D /* CameraViewModel.swift */,
				382BCF4134EF42CBB2E255BE /* CameraView.swift */,
				39B9754B46DD44B3BB671BF5 /* PlantListView.swift */,
				3CB1C06DA1694EE7BC91E491 /* OnboardingView.swift */,
				3D49DDC7562D4CAD9A791D21 /* PlantDetailViewModel.swift */,
				3EB89D12E5114F4DB7559FAC /* MainTabView.swift */,
				48BD2A2C9E43479BBF00A146 /* Constants.swift */,
				50B0350F3C6E4C69A04F7002 /* PlantCareData.swift */,
				58C5D908FD7649609525A006 /* CountdownTimer.swift */,
				6401BF21E7E84F90B569A092 /* View+Extensions.swift */,
				6DA86809AE164E0DBF7E4CF6 /* PlantCareApp.swift */,
				710751B90DEC4BADA1266C9D /* ContentView.swift */,
				77EB916906C2467187D72DBD /* DefaultReminderTimeView.swift */,
				7D1C2A6D78D749288FB57B69 /* ErrorHandler.swift */,
				7EBB4680530744C49050DCD0 /* TimePickerView.swift */,
				81E7B63FB9864B6794A5A2A7 /* TimelineNodeView.swift */,
				83D3262C7BE3423997A54607 /* ImagePicker.swift */,
				84EE4B7EEDB545CD88567DA2 /* PlantListViewModel.swift */,
				87C9DE391CC745BFAD661239 /* MultiCareReminderSetupView.swift */,
				8DD038F8CB94495B8E2A1ED3 /* UserProfileManager.swift */,
				93184AF03AFA486EAD2833AA /* TimewallView.swift */,
				9354E89FBBEC4527AB25A802 /* AppDelegate.swift */,
				96D53C8C3BC249B58E70661D /* ImageProcessor.swift */,
				9C09E963C4404590A21BCD60 /* PlantCard.swift */,
				9D67C3D1A4CA4A4FA83A640E /* TimewallViewModel.swift */,
				9DC5ED467257414C9A001FA7 /* CoreDataManager.swift */,
				9F449C0B9BCA43BFB8118B89 /* DateCalculator.swift */,
				A2016217E32B4DAB91E7BAF1 /* PlantCareService.swift */,
				A53614DDA4FF45EAA23F3E63 /* RoomManagementView.swift */,
				AD0716A5CB21409BB38E40F9 /* RoomManager.swift */,
				B2AAB41829EE4914B1DE1A3B /* Color+Extensions.swift */,
				B87B946CEDD14E3299D5304B /* DescriptionDetailView.swift */,
				BB4B86D64D694FACA266BF49 /* EnhancedImagePicker.swift */,
				C11F80A076AC4D60A0FFB90E /* NotificationManager.swift */,
				CE2B266166834ACBAB527FF6 /* SettingsView.swift */,
				D0F6962221BC4B0AA8E9C063 /* Plant.swift */,
				D25ECBED54CF44C3AF8F7AB2 /* RoomFilterButton.swift */,
				D31B3A57587B490D8C43B113 /* CameraPreviewView.swift */,
				D404D06FF4A6455DA1FEC30A /* ReminderManager.swift */,
				D6CCF8923BE0402393121354 /* ProfileEditView.swift */,
				DF0E89352F2649D78616F3B8 /* AddPlantViewModel.swift */,
				E2B328760D3940CDB3840A92 /* CalendarManager.swift */,
				E86B136B8FE44C8D9F2DBB64 /* WateringFrequencyPicker.swift */,
				E8A70FA0C1EF4772856442B2 /* PlantIdentificationService.swift */,
				EC2F59B4AE5944C494C722C0 /* PlantInfoEditView.swift */,
				EE9339A6AFA446C6B02F2272 /* CareActionType.swift */,
				F664237610F24ECFAC40E987 /* AddPlantView.swift */,
				FF2D06310F3B43FBAD9E7D01 /* IdentificationResultView.swift */,
				23AFC275C057403E859AE1DA /* SplashScreen.swift */,
				B3764CDEF3AF455BB9CD66B0 /* LocationManager.swift */,
				9BE040428B5845FAAB952D15 /* WeatherManager.swift */,
				7C772B3256EF4119B235059A /* CareActionPickerView.swift */,
				D64A2AFA95E4AB7E5A533EF0 /* TodayCareWidget.swift */,
				1AAA3D8FA12C647E304872B5 /* WidgetPlantData.swift */,
			);
			path = "绿植管家";
			sourceTree = "<group>";
		};
/* End PBXGroup section */

/* Begin PBXNativeTarget section */
		E3BA87BF2F41FE87006A9652 /* 植觉日记 */ = {
			isa = PBXNativeTarget;
			buildConfigurationList = E3BA87CB2F41FE89006A9652 /* Build configuration list for PBXNativeTarget "植觉日记" */;
			buildPhases = (
				E3BA87BC2F41FE87006A9652 /* Sources */,
				E3BA87BD2F41FE87006A9652 /* Frameworks */,
				E3BA87BE2F41FE87006A9652 /* Resources */,
				2BE5541C600FD89FA8B8C135 /* Embed App Extensions */,
			);
			buildRules = (
			);
			dependencies = (
				A3B4CF90633A6ABC07BC4F6A /* PBXTargetDependency */,
			);
			name = "植觉日记";
			productName = "植觉日记";
			productReference = E3BA87C02F41FE87006A9652 /* 植觉日记.app */;
			productType = "com.apple.product-type.application";
		};
		F18B8955D9CBDF00C236D7BD /* TodayCareWidget */ = {
			isa = PBXNativeTarget;
			buildConfigurationList = CDE72A615099DB21931F81FB /* Build configuration list for PBXNativeTarget "TodayCareWidget" */;
			buildPhases = (
				74EAEFB2FC62189ED8022422 /* Sources */,
				0FB55F015AE733B40CD8AB64 /* Frameworks */,
				4D2E007C1AD622ABBD78C959 /* Resources */,
			);
			buildRules = (
			);
			dependencies = (
			);
			name = TodayCareWidget;
			productName = TodayCareWidget;
			productReference = 0676E42BDF92E2B848437910 /* TodayCareWidget.appex */;
			productType = "com.apple.product-type.app-extension";
		};
/* End PBXNativeTarget section */

/* Begin PBXProject section */
		E3BA87B82F41FE87006A9652 /* Project object */ = {
			isa = PBXProject;
			attributes = {
				BuildIndependentTargetsInParallel = 1;
				LastSwiftUpdateCheck = 2620;
				LastUpgradeCheck = 2620;
				TargetAttributes = {
					E3BA87BF2F41FE87006A9652 = {
						CreatedOnToolsVersion = 26.2;
					};
				};
			};
			buildConfigurationList = E3BA87BB2F41FE87006A9652 /* Build configuration list for PBXProject "绿植管家" */;
			developmentRegion = en;
			hasScannedForEncodings = 0;
			knownRegions = (
				en,
				Base,
			);
			mainGroup = E3BA87B72F41FE87006A9652;
			minimizedProjectReferenceProxies = 1;
			preferredProjectObjectVersion = 77;
			productRefGroup = E3BA87C12F41FE87006A9652 /* Products */;
			projectDirPath = "";
			projectRoot = "";
			targets = (
				E3BA87BF2F41FE87006A9652 /* 植觉日记 */,
				F18B8955D9CBDF00C236D7BD /* TodayCareWidget */,
			);
		};
/* End PBXProject section */

/* Begin PBXResourcesBuildPhase section */
		4D2E007C1AD622ABBD78C959 /* Resources */ = {
			isa = PBXResourcesBuildPhase;
			buildActionMask = 2147483647;
			files = (
				376D6831DFB2BEDEE27F67FC /* Assets.xcassets in Resources */,
			);
			runOnlyForDeploymentPostprocessing = 0;
		};
		E3BA87BE2F41FE87006A9652 /* Resources */ = {
			isa = PBXResourcesBuildPhase;
			buildActionMask = 2147483647;
			files = (
				4AF915D5F9594EDEA1D56AA2 /* Assets.xcassets in Resources */,
				B0EFAB35AECD1EE7D451E23E /* PrivacyInfo.xcprivacy in Resources */,
			);
			runOnlyForDeploymentPostprocessing = 0;
		};
/* End PBXResourcesBuildPhase section */

/* Begin PBXSourcesBuildPhase section */
		74EAEFB2FC62189ED8022422 /* Sources */ = {
			isa = PBXSourcesBuildPhase;
			buildActionMask = 2147483647;
			files = (
				F46D0245D5F4BD6DE9303C15 /* TodayCareWidget.swift in Sources */,
				07477D7CA9D0B897AC0FFA39 /* WidgetPlantData.swift in Sources */,
				FB2DBD17B01D94699546524A /* Color+Extensions.swift in Sources */,
			);
			runOnlyForDeploymentPostprocessing = 0;
		};
		E3BA87BC2F41FE87006A9652 /* Sources */ = {
			isa = PBXSourcesBuildPhase;
			buildActionMask = 2147483647;
			files = (
				00DDEF3B04EB4DDDB90F82B3 /* ReminderSetupView.swift in Sources */,
				02BBC633C09E4D098375F84B /* PlantCareService.swift in Sources */,
				037951244C374CE48BC8143F /* PlantCareData.swift in Sources */,
				04011E98736E43CAA3586E3D /* EnhancedImagePicker.swift in Sources */,
				0D1C9B0565E14F32828D33F3 /* PlantInfoEditView.swift in Sources */,
				0FF9A33D53E94C038E90134D /* PhotoGalleryView.swift in Sources */,
				18F53B5811DA4B82A1CF6B32 /* CareRecordEntity.swift in Sources */,
				1ACC0A919F174D59A9FFCC98 /* Color+Extensions.swift in Sources */,
				1FF294533454440C8CF574C5 /* TimewallView.swift in Sources */,
				272375A335F94D06906B6D33 /* TimePickerView.swift in Sources */,
				3102688B68C549E192331767 /* PlantIdentificationService.swift in Sources */,
				3C822EB1DCE24DCEB0C076DC /* IdentificationResultView.swift in Sources */,
				3D5E9E34779E4F5BA28153D6 /* RoomManager.swift in Sources */,
				41A6CBB9B9BA4513991A64ED /* CameraPreviewView.swift in Sources */,
				4B362E515FC04862ABD455E3 /* ReminderManager.swift in Sources */,
				541A00B34DF54F5EAC4E22BD /* CareActionType.swift in Sources */,
				5A5CAF0119CA4AF1B2E310B9 /* PlantDetailViewModel.swift in Sources */,
				5DCA2BA93E13477FA35E1F5D /* UserProfileManager.swift in Sources */,
				6F9260BF1E63420987257899 /* StringConstants.swift in Sources */,
				71543AA522694AC5B677D267 /* WateringFrequencyPicker.swift in Sources */,
				770305D80D7C4CC0B3012438 /* PhotoConfirmationView.swift in Sources */,
				77D27C7FCADC4024B328E79F /* AddPlantViewModel.swift in Sources */,
				807D2F2B3A5C43ED83ED8A7A /* RoomManagementView.swift in Sources */,
				85AF185663734CFF91197BD8 /* AppLogger.swift in Sources */,
				89BB8CA3E71A4F2D9E1EB426 /* OnboardingView.swift in Sources */,
				8B200724A3ED4415A69DD8DF /* Plant.swift in Sources */,
				8C496B6BCA044A2897CC8D6C /* PlantListView.swift in Sources */,
				8EE0D065D7B34277AB94F114 /* CameraViewModel.swift in Sources */,
				8EFF3C267A4A40C6AAB39B44 /* ProfileEditView.swift in Sources */,
				91C9FD25E05147C3BA04DE9A /* CalendarManager.swift in Sources */,
				96AF773BFFB6408C8DC326DF /* AddPlantView.swift in Sources */,
				96ECA9F5D6B34F419B22C05B /* PlantCareApp.swift in Sources */,
				999CE72BB2464824B21CDB83 /* RoomFilterButton.swift in Sources */,
				9A5B0CAEA576447D8D7BFACA /* ContentView.swift in Sources */,
				9AF4C9B3F5514CE7B90095DE /* TimelineNodeView.swift in Sources */,
				9FAAF319454C4D4C92ADDB1A /* ImageProcessor.swift in Sources */,
				AAE63977C4044449BE11DCA8 /* PlantCard.swift in Sources */,
				B2DFFD2D37AA442E80BF6835 /* NotificationManager.swift in Sources */,
				C0DFFAC0E0F449CE87AE863E /* PlantDetailView.swift in Sources */,
				C3F70C3637974597BB0CEE9D /* SettingsView.swift in Sources */,
				C6B87C0AF2BC49B6AA2ED9BD /* PlantIdentificationResult.swift in Sources */,
				CC9761572D014064BD53521F /* ImagePicker.swift in Sources */,
				D224F31297F6474DAC725B35 /* ErrorHandler.swift in Sources */,
				D28E06651C3C40E8A3BBF473 /* Date+Extensions.swift in Sources */,
				D7B2BAEAF7B342B0967D4E7E /* MainTabView.swift in Sources */,
				DC3B4BD2EE5D4180A4926D06 /* CameraView.swift in Sources */,
				EA2EEA3EEF9B465A8BB31626 /* CoreDataManager.swift in Sources */,
				EC15408B278C4F8980A72EC8 /* DateCalculator.swift in Sources */,
				EC5954A3824043F48273A805 /* AppDelegate.swift in Sources */,
				ECA928D6C32F45489E40D436 /* DescriptionDetailView.swift in Sources */,
				ED080F9CCB1C40439D3C0121 /* MultiCareReminderSetupView.swift in Sources */,
				F367E8E37CC84DEE984D6097 /* View+Extensions.swift in Sources */,
				F3E48C7EF85F429DA55BAE9B /* CountdownTimer.swift in Sources */,
				F90786B5281146308C648F46 /* TimewallViewModel.swift in Sources */,
				F9DDD0D867634E0CB8DB98A0 /* PlantListViewModel.swift in Sources */,
				FDAA6A4D7C6749B8939CC5DB /* DefaultReminderTimeView.swift in Sources */,
				FE2CC78296F14A2498949AF0 /* Constants.swift in Sources */,
				CE7919FEE6BE4713896F3571 /* SplashScreen.swift in Sources */,
				36C5BB0E7B5C4E0BB1BBBD65 /* LocationManager.swift in Sources */,
				AB33A17B47EA408E8002BAF3 /* WeatherManager.swift in Sources */,
				11F3C42AEC824A9994A9A050 /* CareActionPickerView.swift in Sources */,
				C389D1955E4157EEF59525CB /* WidgetPlantData.swift in Sources */,
			);
			runOnlyForDeploymentPostprocessing = 0;
		};
/* End PBXSourcesBuildPhase section */

/* Begin PBXTargetDependency section */
		A3B4CF90633A6ABC07BC4F6A /* PBXTargetDependency */ = {
			isa = PBXTargetDependency;
			name = TodayCareWidget;
			target = F18B8955D9CBDF00C236D7BD /* TodayCareWidget */;
			targetProxy = C076EE0ECB826B2C20DB8D01 /* PBXContainerItemProxy */;
		};
/* End PBXTargetDependency section */

/* Begin XCBuildConfiguration section */
		93DFA89C63D9554FFA98F02F /* Release */ = {
			isa = XCBuildConfiguration;
			buildSettings = {
				CLANG_ENABLE_OBJC_WEAK = NO;
				CODE_SIGN_ENTITLEMENTS = "绿植管家/TodayCareWidget/Entitlements.plist";
				CODE_SIGN_STYLE = Automatic;
				CURRENT_PROJECT_VERSION = 1;
				DEVELOPMENT_TEAM = 84J77J8HXF;
				INFOPLIST_FILE = "绿植管家/TodayCareWidget/Info.plist";
				INFOPLIST_KEY_CFBundleDisplayName = "今日养护";
				IPHONEOS_DEPLOYMENT_TARGET = 16.0;
				MARKETING_VERSION = 1.0;
				PRODUCT_BUNDLE_IDENTIFIER = com.yangyang.plants.TodayCareWidget;
				PRODUCT_NAME = TodayCareWidget;
				SDKROOT = iphoneos;
				SKIP_INSTALL = YES;
				SUPPORTED_PLATFORMS = "iphoneos iphonesimulator";
				SWIFT_VERSION = 5.0;
				TARGETED_DEVICE_FAMILY = "1,2";
				VALIDATE_PRODUCT = YES;
			};
			name = Release;
		};
		E3BA87C92F41FE89006A9652 /* Debug */ = {
			isa = XCBuildConfiguration;
			buildSettings = {
				ALWAYS_SEARCH_USER_PATHS = NO;
				ASSETCATALOG_COMPILER_GENERATE_SWIFT_ASSET_SYMBOL_EXTENSIONS = YES;
				CLANG_ANALYZER_NONNULL = YES;
				CLANG_ANALYZER_NUMBER_OBJECT_CONVERSION = YES_AGGRESSIVE;
				CLANG_CXX_LANGUAGE_STANDARD = "gnu++20";
				CLANG_ENABLE_MODULES = YES;
				CLANG_ENABLE_OBJC_ARC = YES;
				CLANG_ENABLE_OBJC_WEAK = YES;
				CLANG_WARN_BLOCK_CAPTURE_AUTORELEASING = YES;
				CLANG_WARN_BOOL_CONVERSION = YES;
				CLANG_WARN_COMMA = YES;
				CLANG_WARN_CONSTANT_CONVERSION = YES;
				CLANG_WARN_DEPRECATED_OBJC_IMPLEMENTATIONS = YES;
				CLANG_WARN_DIRECT_OBJC_ISA_USAGE = YES_ERROR;
				CLANG_WARN_DOCUMENTATION_COMMENTS = YES;
				CLANG_WARN_EMPTY_BODY = YES;
				CLANG_WARN_ENUM_CONVERSION = YES;
				CLANG_WARN_INFINITE_RECURSION = YES;
				CLANG_WARN_INT_CONVERSION = YES;
				CLANG_WARN_NON_LITERAL_NULL_CONVERSION = YES;
				CLANG_WARN_OBJC_IMPLICIT_RETAIN_SELF = YES;
				CLANG_WARN_OBJC_LITERAL_CONVERSION = YES;
				CLANG_WARN_OBJC_ROOT_CLASS = YES_ERROR;
				CLANG_WARN_QUOTED_INCLUDE_IN_FRAMEWORK_HEADER = YES;
				CLANG_WARN_RANGE_LOOP_ANALYSIS = YES;
				CLANG_WARN_STRICT_PROTOTYPES = YES;
				CLANG_WARN_SUSPICIOUS_MOVE = YES;
				CLANG_WARN_UNGUARDED_AVAILABILITY = YES_AGGRESSIVE;
				CLANG_WARN_UNREACHABLE_CODE = YES;
				CLANG_WARN__DUPLICATE_METHOD_MATCH = YES;
				COPY_PHASE_STRIP = NO;
				DEBUG_INFORMATION_FORMAT = dwarf;
				ENABLE_STRICT_OBJC_MSGSEND = YES;
				ENABLE_TESTABILITY = YES;
				ENABLE_USER_SCRIPT_SANDBOXING = YES;
				GCC_C_LANGUAGE_STANDARD = gnu17;
				GCC_DYNAMIC_NO_PIC = NO;
				GCC_NO_COMMON_BLOCKS = YES;
				GCC_OPTIMIZATION_LEVEL = 0;
				GCC_PREPROCESSOR_DEFINITIONS = (
					"DEBUG=1",
					"$(inherited)",
				);
				GCC_WARN_64_TO_32_BIT_CONVERSION = YES;
				GCC_WARN_ABOUT_RETURN_TYPE = YES_ERROR;
				GCC_WARN_UNDECLARED_SELECTOR = YES;
				GCC_WARN_UNINITIALIZED_AUTOS = YES_AGGRESSIVE;
				GCC_WARN_UNUSED_FUNCTION = YES;
				GCC_WARN_UNUSED_VARIABLE = YES;
				LOCALIZATION_PREFERS_STRING_CATALOGS = YES;
				MTL_ENABLE_DEBUG_INFO = INCLUDE_SOURCE;
				MTL_FAST_MATH = YES;
				ONLY_ACTIVE_ARCH = YES;
				SWIFT_ACTIVE_COMPILATION_CONDITIONS = "DEBUG $(inherited)";
				SWIFT_OPTIMIZATION_LEVEL = "-Onone";
			};
			name = Debug;
		};
		E3BA87CA2F41FE89006A9652 /* Release */ = {
			isa = XCBuildConfiguration;
			buildSettings = {
				ALWAYS_SEARCH_USER_PATHS = NO;
				ASSETCATALOG_COMPILER_GENERATE_SWIFT_ASSET_SYMBOL_EXTENSIONS = YES;
				CLANG_ANALYZER_NONNULL = YES;
				CLANG_ANALYZER_NUMBER_OBJECT_CONVERSION = YES_AGGRESSIVE;
				CLANG_CXX_LANGUAGE_STANDARD = "gnu++20";
				CLANG_ENABLE_MODULES = YES;
				CLANG_ENABLE_OBJC_ARC = YES;
				CLANG_ENABLE_OBJC_WEAK = YES;
				CLANG_WARN_BLOCK_CAPTURE_AUTORELEASING = YES;
				CLANG_WARN_BOOL_CONVERSION = YES;
				CLANG_WARN_COMMA = YES;
				CLANG_WARN_CONSTANT_CONVERSION = YES;
				CLANG_WARN_DEPRECATED_OBJC_IMPLEMENTATIONS = YES;
				CLANG_WARN_DIRECT_OBJC_ISA_USAGE = YES_ERROR;
				CLANG_WARN_DOCUMENTATION_COMMENTS = YES;
				CLANG_WARN_EMPTY_BODY = YES;
				CLANG_WARN_ENUM_CONVERSION = YES;
				CLANG_WARN_INFINITE_RECURSION = YES;
				CLANG_WARN_INT_CONVERSION = YES;
				CLANG_WARN_NON_LITERAL_NULL_CONVERSION = YES;
				CLANG_WARN_OBJC_IMPLICIT_RETAIN_SELF = YES;
				CLANG_WARN_OBJC_LITERAL_CONVERSION = YES;
				CLANG_WARN_OBJC_ROOT_CLASS = YES_ERROR;
				CLANG_WARN_QUOTED_INCLUDE_IN_FRAMEWORK_HEADER = YES;
				CLANG_WARN_RANGE_LOOP_ANALYSIS = YES;
				CLANG_WARN_STRICT_PROTOTYPES = YES;
				CLANG_WARN_SUSPICIOUS_MOVE = YES;
				CLANG_WARN_UNGUARDED_AVAILABILITY = YES_AGGRESSIVE;
				CLANG_WARN_UNREACHABLE_CODE = YES;
				CLANG_WARN__DUPLICATE_METHOD_MATCH = YES;
				COPY_PHASE_STRIP = NO;
				DEBUG_INFORMATION_FORMAT = "dwarf-with-dsym";
				ENABLE_NS_ASSERTIONS = NO;
				ENABLE_STRICT_OBJC_MSGSEND = YES;
				ENABLE_USER_SCRIPT_SANDBOXING = YES;
				GCC_C_LANGUAGE_STANDARD = gnu17;
				GCC_NO_COMMON_BLOCKS = YES;
				GCC_WARN_64_TO_32_BIT_CONVERSION = YES;
				GCC_WARN_ABOUT_RETURN_TYPE = YES_ERROR;
				GCC_WARN_UNDECLARED_SELECTOR = YES;
				GCC_WARN_UNINITIALIZED_AUTOS = YES_AGGRESSIVE;
				GCC_WARN_UNUSED_FUNCTION = YES;
				GCC_WARN_UNUSED_VARIABLE = YES;
				LOCALIZATION_PREFERS_STRING_CATALOGS = YES;
				MTL_ENABLE_DEBUG_INFO = NO;
				MTL_FAST_MATH = YES;
				SWIFT_COMPILATION_MODE = wholemodule;
			};
			name = Release;
		};
		E3BA87CC2F41FE89006A9652 /* Debug */ = {
			isa = XCBuildConfiguration;
			buildSettings = {
				ASSETCATALOG_COMPILER_APPICON_NAME = AppIcon;
				ASSETCATALOG_COMPILER_GLOBAL_ACCENT_COLOR_NAME = AccentColor;
				ASSETCATALOG_COMPILER_INCLUDE_ALL_APPICON_ASSETS = NO;
				CODE_SIGN_ENTITLEMENTS = "绿植管家/Entitlements.plist";
				CODE_SIGN_IDENTITY = "Apple Development";
				CODE_SIGN_STYLE = Automatic;
				CURRENT_PROJECT_VERSION = 1;
				DEVELOPMENT_TEAM = 84J77J8HXF;
				ENABLE_APP_SANDBOX = NO;
				ENABLE_PREVIEWS = YES;
				ENABLE_USER_SELECTED_FILES = readonly;
				GENERATE_INFOPLIST_FILE = YES;
				INFOPLIST_KEY_CFBundleDisplayName = "植觉日记";
				INFOPLIST_KEY_LSApplicationCategoryType = "public.app-category.lifestyle";
				INFOPLIST_KEY_NSCalendarsUsageDescription = "用于在日历中创建浇水提醒，到点可在系统日历中查看并收到提醒";
				INFOPLIST_KEY_NSCameraUsageDescription = "需要使用相机来拍摄植物照片进行识别";
				INFOPLIST_KEY_NSLocationWhenInUseUsageDescription = "用于获取您的位置以显示当地天气信息，帮助提供更精准的植物养护建议";
				INFOPLIST_KEY_NSPhotoLibraryUsageDescription = "需要访问您的相册来选择植物照片";
				"INFOPLIST_KEY_UIApplicationSceneManifest_Generation[sdk=iphoneos*]" = YES;
				"INFOPLIST_KEY_UIApplicationSceneManifest_Generation[sdk=iphonesimulator*]" = YES;
				"INFOPLIST_KEY_UIApplicationSupportsIndirectInputEvents[sdk=iphoneos*]" = YES;
				"INFOPLIST_KEY_UIApplicationSupportsIndirectInputEvents[sdk=iphonesimulator*]" = YES;
				"INFOPLIST_KEY_UILaunchScreen_Generation[sdk=iphoneos*]" = YES;
				"INFOPLIST_KEY_UILaunchScreen_Generation[sdk=iphonesimulator*]" = YES;
				"INFOPLIST_KEY_UIStatusBarStyle[sdk=iphoneos*]" = UIStatusBarStyleDefault;
				"INFOPLIST_KEY_UIStatusBarStyle[sdk=iphonesimulator*]" = UIStatusBarStyleDefault;
				INFOPLIST_KEY_UISupportedInterfaceOrientations_iPad = "UIInterfaceOrientationPortrait UIInterfaceOrientationPortraitUpsideDown UIInterfaceOrientationLandscapeLeft UIInterfaceOrientationLandscapeRight";
				INFOPLIST_KEY_UISupportedInterfaceOrientations_iPhone = "UIInterfaceOrientationPortrait UIInterfaceOrientationLandscapeLeft UIInterfaceOrientationLandscapeRight";
				IPHONEOS_DEPLOYMENT_TARGET = 16.0;
				LD_RUNPATH_SEARCH_PATHS = "@executable_path/Frameworks";
				MARKETING_VERSION = 1.0;
				PRODUCT_BUNDLE_IDENTIFIER = com.yangyang.plants;
				PRODUCT_NAME = "$(TARGET_NAME)";
				PROVISIONING_PROFILE_SPECIFIER = "";
				SDKROOT = iphoneos;
				STRING_CATALOG_GENERATE_SYMBOLS = YES;
				SUPPORTED_PLATFORMS = "iphoneos iphonesimulator";
				SWIFT_APPROACHABLE_CONCURRENCY = YES;
				SWIFT_DEFAULT_ACTOR_ISOLATION = MainActor;
				SWIFT_EMIT_LOC_STRINGS = YES;
				SWIFT_UPCOMING_FEATURE_MEMBER_IMPORT_VISIBILITY = YES;
				SWIFT_VERSION = 5.0;
				TARGETED_DEVICE_FAMILY = "1,2";
			};
			name = Debug;
		};
		E3BA87CD2F41FE89006A9652 /* Release */ = {
			isa = XCBuildConfiguration;
			buildSettings = {
				ASSETCATALOG_COMPILER_APPICON_NAME = AppIcon;
				ASSETCATALOG_COMPILER_GLOBAL_ACCENT_COLOR_NAME = AccentColor;
				ASSETCATALOG_COMPILER_INCLUDE_ALL_APPICON_ASSETS = NO;
				CODE_SIGN_ENTITLEMENTS = "绿植管家/Entitlements.plist";
				CODE_SIGN_IDENTITY = "Apple Development";
				CODE_SIGN_STYLE = Automatic;
				CURRENT_PROJECT_VERSION = 1;
				DEVELOPMENT_TEAM = 84J77J8HXF;
				ENABLE_APP_SANDBOX = NO;
				ENABLE_PREVIEWS = YES;
				ENABLE_USER_SELECTED_FILES = readonly;
				GENERATE_INFOPLIST_FILE = YES;
				INFOPLIST_KEY_CFBundleDisplayName = "植觉日记";
				INFOPLIST_KEY_LSApplicationCategoryType = "public.app-category.lifestyle";
				INFOPLIST_KEY_NSCalendarsUsageDescription = "用于在日历中创建浇水提醒，到点可在系统日历中查看并收到提醒";
				INFOPLIST_KEY_NSCameraUsageDescription = "需要使用相机来拍摄植物照片进行识别";
				INFOPLIST_KEY_NSLocationWhenInUseUsageDescription = "用于获取您的位置以显示当地天气信息，帮助提供更精准的植物养护建议";
				INFOPLIST_KEY_NSPhotoLibraryUsageDescription = "需要访问您的相册来选择植物照片";
				"INFOPLIST_KEY_UIApplicationSceneManifest_Generation[sdk=iphoneos*]" = YES;
				"INFOPLIST_KEY_UIApplicationSceneManifest_Generation[sdk=iphonesimulator*]" = YES;
				"INFOPLIST_KEY_UIApplicationSupportsIndirectInputEvents[sdk=iphoneos*]" = YES;
				"INFOPLIST_KEY_UIApplicationSupportsIndirectInputEvents[sdk=iphonesimulator*]" = YES;
				"INFOPLIST_KEY_UILaunchScreen_Generation[sdk=iphoneos*]" = YES;
				"INFOPLIST_KEY_UILaunchScreen_Generation[sdk=iphonesimulator*]" = YES;
				"INFOPLIST_KEY_UIStatusBarStyle[sdk=iphoneos*]" = UIStatusBarStyleDefault;
				"INFOPLIST_KEY_UIStatusBarStyle[sdk=iphonesimulator*]" = UIStatusBarStyleDefault;
				INFOPLIST_KEY_UISupportedInterfaceOrientations_iPad = "UIInterfaceOrientationPortrait UIInterfaceOrientationPortraitUpsideDown UIInterfaceOrientationLandscapeLeft UIInterfaceOrientationLandscapeRight";
				INFOPLIST_KEY_UISupportedInterfaceOrientations_iPhone = "UIInterfaceOrientationPortrait UIInterfaceOrientationLandscapeLeft UIInterfaceOrientationLandscapeRight";
				IPHONEOS_DEPLOYMENT_TARGET = 16.0;
				LD_RUNPATH_SEARCH_PATHS = "@executable_path/Frameworks";
				MARKETING_VERSION = 1.0;
				PRODUCT_BUNDLE_IDENTIFIER = com.yangyang.plants;
				PRODUCT_NAME = "$(TARGET_NAME)";
				PROVISIONING_PROFILE_SPECIFIER = "";
				SDKROOT = iphoneos;
				STRING_CATALOG_GENERATE_SYMBOLS = YES;
				SUPPORTED_PLATFORMS = "iphoneos iphonesimulator";
				SWIFT_APPROACHABLE_CONCURRENCY = YES;
				SWIFT_DEFAULT_ACTOR_ISOLATION = MainActor;
				SWIFT_EMIT_LOC_STRINGS = YES;
				SWIFT_UPCOMING_FEATURE_MEMBER_IMPORT_VISIBILITY = YES;
				SWIFT_VERSION = 5.0;
				TARGETED_DEVICE_FAMILY = "1,2";
			};
			name = Release;
		};
		EBE11DC000F82B227F33B1DA /* Debug */ = {
			isa = XCBuildConfiguration;
			buildSettings = {
				CLANG_ENABLE_OBJC_WEAK = NO;
				CODE_SIGN_ENTITLEMENTS = "绿植管家/TodayCareWidget/Entitlements.plist";
				CODE_SIGN_STYLE = Automatic;
				CURRENT_PROJECT_VERSION = 1;
				DEVELOPMENT_TEAM = 84J77J8HXF;
				INFOPLIST_FILE = "绿植管家/TodayCareWidget/Info.plist";
				INFOPLIST_KEY_CFBundleDisplayName = "今日养护";
				IPHONEOS_DEPLOYMENT_TARGET = 16.0;
				MARKETING_VERSION = 1.0;
				PRODUCT_BUNDLE_IDENTIFIER = com.yangyang.plants.TodayCareWidget;
				PRODUCT_NAME = TodayCareWidget;
				SDKROOT = iphoneos;
				SKIP_INSTALL = YES;
				SUPPORTED_PLATFORMS = "iphoneos iphonesimulator";
				SWIFT_VERSION = 5.0;
				TARGETED_DEVICE_FAMILY = "1,2";
			};
			name = Debug;
		};
/* End XCBuildConfiguration section */

/* Begin XCConfigurationList section */
		CDE72A615099DB21931F81FB /* Build configuration list for PBXNativeTarget "TodayCareWidget" */ = {
			isa = XCConfigurationList;
			buildConfigurations = (
				93DFA89C63D9554FFA98F02F /* Release */,
				EBE11DC000F82B227F33B1DA /* Debug */,
			);
			defaultConfigurationIsVisible = 0;
			defaultConfigurationName = Release;
		};
		E3BA87BB2F41FE87006A9652 /* Build configuration list for PBXProject "绿植管家" */ = {
			isa = XCConfigurationList;
			buildConfigurations = (
				E3BA87C92F41FE89006A9652 /* Debug */,
				E3BA87CA2F41FE89006A9652 /* Release */,
			);
			defaultConfigurationIsVisible = 0;
			defaultConfigurationName = Release;
		};
		E3BA87CB2F41FE89006A9652 /* Build configuration list for PBXNativeTarget "植觉日记" */ = {
			isa = XCConfigurationList;
			buildConfigurations = (
				E3BA87CC2F41FE89006A9652 /* Debug */,
				E3BA87CD2F41FE89006A9652 /* Release */,
			);
			defaultConfigurationIsVisible = 0;
			defaultConfigurationName = Release;
		};
/* End XCConfigurationList section */
	};
	rootObject = E3BA87B82F41FE87006A9652 /* Project object */;
}
